
Microsoft Visual Studio Solution File, Format Version 12.00
# Visual Studio Version 16
VisualStudioVersion = 16.0.30516.212
MinimumVisualStudioVersion = 10.0.40219.1
Project("{9A19103F-16F7-4668-BE54-9A1E7A4F7556}") = "MarriageRegistration.WebApi", "MarriageRegistration.WebApi.csproj", "{4BC8AE64-44B4-4EF9-B243-FD3ADEDC8AD3}"
EndProject
Global
	GlobalSection(SolutionConfigurationPlatforms) = preSolution
		Debug|Any CPU = Debug|Any CPU
		Release|Any CPU = Release|Any CPU
	EndGlobalSection
	GlobalSection(ProjectConfigurationPlatforms) = postSolution
		{4BC8AE64-44B4-4EF9-B243-FD3ADEDC8AD3}.Debug|Any CPU.ActiveCfg = Debug|Any CPU
		{4BC8AE64-44B4-4EF9-B243-FD3ADEDC8AD3}.Debug|Any CPU.Build.0 = Debug|Any CPU
		{4BC8AE64-44B4-4EF9-B243-FD3ADEDC8AD3}.Release|Any CPU.ActiveCfg = Release|Any CPU
		{4BC8AE64-44B4-4EF9-B243-FD3ADEDC8AD3}.Release|Any CPU.Build.0 = Release|Any CPU
	EndGlobalSection
	GlobalSection(SolutionProperties) = preSolution
		HideSolutionNode = FALSE
	EndGlobalSection
	GlobalSection(ExtensibilityGlobals) = postSolution
		SolutionGuid = {708E17B7-C0DC-4C0A-B807-8BD920039094}
	EndGlobalSection
EndGlobal
